
Microsoft Visual Studio Solution File, Format Version 12.00
# Visual Studio Version 17
VisualStudioVersion = 17.10.34916.146
MinimumVisualStudioVersion = 10.0.40219.1
Project("{FAE04EC0-301F-11D3-BF4B-00C04F79EFBC}") = "WASMBlazorApp", "WASMBlazorApp\WASMBlazorApp.csproj", "{D39B935E-3074-4DE8-B6A7-EFD83AD59E00}"
EndProject
Global
	GlobalSection(SolutionConfigurationPlatforms) = preSolution
		Debug|Any CPU = Debug|Any CPU
		Release|Any CPU = Release|Any CPU
	EndGlobalSection
	GlobalSection(ProjectConfigurationPlatforms) = postSolution
		{D39B935E-3074-4DE8-B6A7-EFD83AD59E00}.Debug|Any CPU.ActiveCfg = Debug|Any CPU
		{D39B935E-3074-4DE8-B6A7-EFD83AD59E00}.Debug|Any CPU.Build.0 = Debug|Any CPU
		{D39B935E-3074-4DE8-B6A7-EFD83AD59E00}.Release|Any CPU.ActiveCfg = Release|Any CPU
		{D39B935E-3074-4DE8-B6A7-EFD83AD59E00}.Release|Any CPU.Build.0 = Release|Any CPU
	EndGlobalSection
	GlobalSection(SolutionProperties) = preSolution
		HideSolutionNode = FALSE
	EndGlobalSection
	GlobalSection(ExtensibilityGlobals) = postSolution
		SolutionGuid = {C5C4B602-4EFF-4BD2-BA8A-FC1B5F4368A2}
	EndGlobalSection
EndGlobal
